
Microsoft Visual Studio Solution File, Format Version 12.00
# Visual Studio Version 17
VisualStudioVersion = 17.10.35027.167
MinimumVisualStudioVersion = 10.0.40219.1
Project("{FAE04EC0-301F-11D3-BF4B-00C04F79EFBC}") = "HeartCoreAPI", "HeartCoreAPI.csproj", "{1D179A1F-BD9A-40AA-AE9B-0019229E5519}"
EndProject
Global
	GlobalSection(SolutionConfigurationPlatforms) = preSolution
		Debug|Any CPU = Debug|Any CPU
		Release|Any CPU = Release|Any CPU
	EndGlobalSection
	GlobalSection(ProjectConfigurationPlatforms) = postSolution
		{1D179A1F-BD9A-40AA-AE9B-0019229E5519}.Debug|Any CPU.ActiveCfg = Debug|Any CPU
		{1D179A1F-BD9A-40AA-AE9B-0019229E5519}.Debug|Any CPU.Build.0 = Debug|Any CPU
		{1D179A1F-BD9A-40AA-AE9B-0019229E5519}.Release|Any CPU.ActiveCfg = Release|Any CPU
		{1D179A1F-BD9A-40AA-AE9B-0019229E5519}.Release|Any CPU.Build.0 = Release|Any CPU
	EndGlobalSection
	GlobalSection(SolutionProperties) = preSolution
		HideSolutionNode = FALSE
	EndGlobalSection
	GlobalSection(ExtensibilityGlobals) = postSolution
		SolutionGuid = {BE8A7498-B11F-4EC1-AE19-7B5D661E9902}
	EndGlobalSection
EndGlobal
